# THIS IS AN AUTOGENERATED FILE. DO NOT EDIT THIS FILE DIRECTLY.
# yarn lockfile v1


"@openzeppelin/contracts@^4.6.0":
  "integrity" "sha512-8vi4d50NNya/bQqCmaVzvHNmwHvS0OBKb7HNtuNwEE3scXWrP31fKQoGxNMT+KbzmrNZzatE3QK5p2gFONI/hg=="
  "resolved" "https://registry.npmjs.org/@openzeppelin/contracts/-/contracts-4.6.0.tgz"
  "version" "4.6.0"

"@web3-react/abstract-connector@^6.0.7":
  "integrity" "sha512-RhQasA4Ox8CxUC0OENc1AJJm8UTybu/oOCM61Zjg6y0iF7Z0sqv1Ai1VdhC33hrQpA8qSBgoXN9PaP8jKmtdqg=="
  "resolved" "https://registry.npmjs.org/@web3-react/abstract-connector/-/abstract-connector-6.0.7.tgz"
  "version" "6.0.7"
  dependencies:
    "@web3-react/types" "^6.0.7"

"@web3-react/injected-connector@^6.0.7":
  "integrity" "sha512-Y7aJSz6pg+MWKtvdyuqyy6LWuH+4Tqtph1LWfiyVms9II9ar/9B/de4R8wh4wjg91wmHkU+D75yP09E/Soh2RA=="
  "resolved" "https://registry.npmjs.org/@web3-react/injected-connector/-/injected-connector-6.0.7.tgz"
  "version" "6.0.7"
  dependencies:
    "@web3-react/abstract-connector" "^6.0.7"
    "@web3-react/types" "^6.0.7"
    "tiny-warning" "^1.0.3"

"@web3-react/types@^6.0.7":
  "integrity" "sha512-ofGmfDhxmNT1/P/MgVa8IKSkCStFiyvXe+U5tyZurKdrtTDFU+wJ/LxClPDtFerWpczNFPUSrKcuhfPX1sI6+A=="
  "resolved" "https://registry.npmjs.org/@web3-react/types/-/types-6.0.7.tgz"
  "version" "6.0.7"

"tiny-warning@^1.0.3":
  "integrity" "sha512-lBN9zLN/oAf68o3zNXYrdCt1kP8WsiGW8Oo2ka41b2IM5JL/S1CTyX1rW0mb/zSuJun0ZUrDxx4sqvYS2FWzPA=="
  "resolved" "https://registry.npmjs.org/tiny-warning/-/tiny-warning-1.0.3.tgz"
  "version" "1.0.3"
